
Microsoft Visual Studio Solution File, Format Version 12.00
# Visual Studio Version 16
VisualStudioVersion = 16.0.32510.428
MinimumVisualStudioVersion = 10.0.40219.1
Project("{9A19103F-16F7-4668-BE54-9A1E7A4F7556}") = "AtariJetFighter", "AtariJetFighter\AtariJetFighter.csproj", "{F948558C-6B71-45D9-AD46-965A3B2FF00C}"
EndProject
Global
	GlobalSection(SolutionConfigurationPlatforms) = preSolution
		Debug|Any CPU = Debug|Any CPU
		Release|Any CPU = Release|Any CPU
	EndGlobalSection
	GlobalSection(ProjectConfigurationPlatforms) = postSolution
		{F948558C-6B71-45D9-AD46-965A3B2FF00C}.Debug|Any CPU.ActiveCfg = Debug|Any CPU
		{F948558C-6B71-45D9-AD46-965A3B2FF00C}.Debug|Any CPU.Build.0 = Debug|Any CPU
		{F948558C-6B71-45D9-AD46-965A3B2FF00C}.Release|Any CPU.ActiveCfg = Release|Any CPU
		{F948558C-6B71-45D9-AD46-965A3B2FF00C}.Release|Any CPU.Build.0 = Release|Any CPU
	EndGlobalSection
	GlobalSection(SolutionProperties) = preSolution
		HideSolutionNode = FALSE
	EndGlobalSection
	GlobalSection(ExtensibilityGlobals) = postSolution
		SolutionGuid = {C3524313-EADA-41BD-A9E0-D95CEF7E4E73}
	EndGlobalSection
EndGlobal
